
Microsoft Visual Studio Solution File, Format Version 12.00
# Visual Studio Version 17
VisualStudioVersion = 17.9.34622.214
MinimumVisualStudioVersion = 10.0.40219.1
Project("{FAE04EC0-301F-11D3-BF4B-00C04F79EFBC}") = "TelegramMessager", "TelegramMessager\TelegramMessager.csproj", "{B618272C-5CA9-4719-AE91-BA39CEF89AB6}"
EndProject
Global
	GlobalSection(SolutionConfigurationPlatforms) = preSolution
		Debug|Any CPU = Debug|Any CPU
		Release|Any CPU = Release|Any CPU
	EndGlobalSection
	GlobalSection(ProjectConfigurationPlatforms) = postSolution
		{B618272C-5CA9-4719-AE91-BA39CEF89AB6}.Debug|Any CPU.ActiveCfg = Debug|Any CPU
		{B618272C-5CA9-4719-AE91-BA39CEF89AB6}.Debug|Any CPU.Build.0 = Debug|Any CPU
		{B618272C-5CA9-4719-AE91-BA39CEF89AB6}.Release|Any CPU.ActiveCfg = Release|Any CPU
		{B618272C-5CA9-4719-AE91-BA39CEF89AB6}.Release|Any CPU.Build.0 = Release|Any CPU
	EndGlobalSection
	GlobalSection(SolutionProperties) = preSolution
		HideSolutionNode = FALSE
	EndGlobalSection
	GlobalSection(ExtensibilityGlobals) = postSolution
		SolutionGuid = {20C606A0-B523-4EB6-A077-DE097A60D7D1}
	EndGlobalSection
EndGlobal
